
Microsoft Visual Studio Solution File, Format Version 12.00
# Visual Studio 15
VisualStudioVersion = 15.0.28307.421
MinimumVisualStudioVersion = 10.0.40219.1
Project("{159641D6-6404-4A2A-AE62-294DE0FE8301}") = "MyFirstSsisProject", "MyFirstSsisProject\MyFirstSsisProject.dtproj", "{635C711A-2CBD-4BD3-BC3E-246A4AF75237}"
EndProject
Project("{159641D6-6404-4A2A-AE62-294DE0FE8301}") = "SSIS Design Patterns", "..\..\ssis-design-patterns-data-warehousing\demos\SSIS Design Patterns\SSIS Design Patterns.dtproj", "{4520A511-45A7-42EA-80E6-AB634D491DE6}"
EndProject
Project("{159641D6-6404-4A2A-AE62-294DE0FE8301}") = "ssis-basic-control-flow", "..\ssis-basic-control-flow\begin\ssis-basic-control-flow\ssis-basic-control-flow.dtproj", "{A835F492-8C7B-48DC-9A7A-14585C6F4B09}"
EndProject
Project("{159641D6-6404-4A2A-AE62-294DE0FE8301}") = "ssis-basic-control-flow-tasks", "..\ssis-basic-control-flow-tasks\end\ssis-basic-control-flow-tasks\ssis-basic-control-flow-tasks\ssis-basic-control-flow-tasks.dtproj", "{68235680-4B64-4CAF-ACF8-6EB0FABE691E}"
EndProject
Project("{00D1A9C2-B5F0-4AF3-8072-F6C62B433612}") = "SSIS Design Patterns Database", "..\SSIS Design Patterns Database\SSIS Design Patterns Database.sqlproj", "{CBDB72C7-9EB3-4FEB-B87E-F6AF99120B63}"
EndProject
Project("{159641D6-6404-4A2A-AE62-294DE0FE8301}") = "ssis-basic-data-flow", "..\ssis-basic-data-flow\ssis-basic-data-flow.dtproj", "{483E3CD8-E769-45FA-92AB-9A93E41EEB38}"
EndProject
Project("{159641D6-6404-4A2A-AE62-294DE0FE8301}") = "ssis-basic-data-flow-transforms", "..\ssis-basic-data-flow-transforms\end\ssis-basic-data-flow-transforms\ssis-basic-data-flow-transforms.dtproj", "{722EE069-08C0-4F8E-8E87-73A7E675179F}"
EndProject
Global
	GlobalSection(SolutionConfigurationPlatforms) = preSolution
		Debug|Any CPU = Debug|Any CPU
		Development|Any CPU = Development|Any CPU
		Release|Any CPU = Release|Any CPU
	EndGlobalSection
	GlobalSection(ProjectConfigurationPlatforms) = postSolution
		{635C711A-2CBD-4BD3-BC3E-246A4AF75237}.Debug|Any CPU.ActiveCfg = Development
		{635C711A-2CBD-4BD3-BC3E-246A4AF75237}.Debug|Any CPU.Build.0 = Development
		{635C711A-2CBD-4BD3-BC3E-246A4AF75237}.Development|Any CPU.ActiveCfg = Development
		{635C711A-2CBD-4BD3-BC3E-246A4AF75237}.Development|Any CPU.Build.0 = Development
		{635C711A-2CBD-4BD3-BC3E-246A4AF75237}.Release|Any CPU.ActiveCfg = Development
		{635C711A-2CBD-4BD3-BC3E-246A4AF75237}.Release|Any CPU.Build.0 = Development
		{4520A511-45A7-42EA-80E6-AB634D491DE6}.Debug|Any CPU.ActiveCfg = Development
		{4520A511-45A7-42EA-80E6-AB634D491DE6}.Debug|Any CPU.Build.0 = Development
		{4520A511-45A7-42EA-80E6-AB634D491DE6}.Development|Any CPU.ActiveCfg = Development
		{4520A511-45A7-42EA-80E6-AB634D491DE6}.Development|Any CPU.Build.0 = Development
		{4520A511-45A7-42EA-80E6-AB634D491DE6}.Release|Any CPU.ActiveCfg = Development
		{4520A511-45A7-42EA-80E6-AB634D491DE6}.Release|Any CPU.Build.0 = Development
		{A835F492-8C7B-48DC-9A7A-14585C6F4B09}.Debug|Any CPU.ActiveCfg = Development
		{A835F492-8C7B-48DC-9A7A-14585C6F4B09}.Debug|Any CPU.Build.0 = Development
		{A835F492-8C7B-48DC-9A7A-14585C6F4B09}.Development|Any CPU.ActiveCfg = Development
		{A835F492-8C7B-48DC-9A7A-14585C6F4B09}.Development|Any CPU.Build.0 = Development
		{A835F492-8C7B-48DC-9A7A-14585C6F4B09}.Release|Any CPU.ActiveCfg = Development
		{A835F492-8C7B-48DC-9A7A-14585C6F4B09}.Release|Any CPU.Build.0 = Development
		{68235680-4B64-4CAF-ACF8-6EB0FABE691E}.Debug|Any CPU.ActiveCfg = Development
		{68235680-4B64-4CAF-ACF8-6EB0FABE691E}.Debug|Any CPU.Build.0 = Development
		{68235680-4B64-4CAF-ACF8-6EB0FABE691E}.Development|Any CPU.ActiveCfg = Development
		{68235680-4B64-4CAF-ACF8-6EB0FABE691E}.Development|Any CPU.Build.0 = Development
		{68235680-4B64-4CAF-ACF8-6EB0FABE691E}.Release|Any CPU.ActiveCfg = Development
		{68235680-4B64-4CAF-ACF8-6EB0FABE691E}.Release|Any CPU.Build.0 = Development
		{CBDB72C7-9EB3-4FEB-B87E-F6AF99120B63}.Debug|Any CPU.ActiveCfg = Debug|Any CPU
		{CBDB72C7-9EB3-4FEB-B87E-F6AF99120B63}.Debug|Any CPU.Build.0 = Debug|Any CPU
		{CBDB72C7-9EB3-4FEB-B87E-F6AF99120B63}.Debug|Any CPU.Deploy.0 = Debug|Any CPU
		{CBDB72C7-9EB3-4FEB-B87E-F6AF99120B63}.Development|Any CPU.ActiveCfg = Debug|Any CPU
		{CBDB72C7-9EB3-4FEB-B87E-F6AF99120B63}.Development|Any CPU.Build.0 = Debug|Any CPU
		{CBDB72C7-9EB3-4FEB-B87E-F6AF99120B63}.Development|Any CPU.Deploy.0 = Debug|Any CPU
		{CBDB72C7-9EB3-4FEB-B87E-F6AF99120B63}.Release|Any CPU.ActiveCfg = Release|Any CPU
		{CBDB72C7-9EB3-4FEB-B87E-F6AF99120B63}.Release|Any CPU.Build.0 = Release|Any CPU
		{CBDB72C7-9EB3-4FEB-B87E-F6AF99120B63}.Release|Any CPU.Deploy.0 = Release|Any CPU
		{483E3CD8-E769-45FA-92AB-9A93E41EEB38}.Debug|Any CPU.ActiveCfg = Development
		{483E3CD8-E769-45FA-92AB-9A93E41EEB38}.Debug|Any CPU.Build.0 = Development
		{483E3CD8-E769-45FA-92AB-9A93E41EEB38}.Development|Any CPU.ActiveCfg = Development
		{483E3CD8-E769-45FA-92AB-9A93E41EEB38}.Development|Any CPU.Build.0 = Development
		{483E3CD8-E769-45FA-92AB-9A93E41EEB38}.Release|Any CPU.ActiveCfg = Development
		{483E3CD8-E769-45FA-92AB-9A93E41EEB38}.Release|Any CPU.Build.0 = Development
		{722EE069-08C0-4F8E-8E87-73A7E675179F}.Debug|Any CPU.ActiveCfg = Development
		{722EE069-08C0-4F8E-8E87-73A7E675179F}.Debug|Any CPU.Build.0 = Development
		{722EE069-08C0-4F8E-8E87-73A7E675179F}.Development|Any CPU.ActiveCfg = Development
		{722EE069-08C0-4F8E-8E87-73A7E675179F}.Development|Any CPU.Build.0 = Development
		{722EE069-08C0-4F8E-8E87-73A7E675179F}.Release|Any CPU.ActiveCfg = Development
		{722EE069-08C0-4F8E-8E87-73A7E675179F}.Release|Any CPU.Build.0 = Development
	EndGlobalSection
	GlobalSection(SolutionProperties) = preSolution
		HideSolutionNode = FALSE
	EndGlobalSection
	GlobalSection(ExtensibilityGlobals) = postSolution
		SolutionGuid = {C40CF5B1-3EAE-4E7B-932F-183FA66596AA}
	EndGlobalSection
EndGlobal
