
Microsoft Visual Studio Solution File, Format Version 12.00
# Visual Studio 15
VisualStudioVersion = 15.0.28307.421
MinimumVisualStudioVersion = 10.0.40219.1
Project("{159641D6-6404-4A2A-AE62-294DE0FE8301}") = "MyFirstSsisProject", "MyFirstSsisProject\MyFirstSsisProject.dtproj", "{635C711A-2CBD-4BD3-BC3E-246A4AF75237}"
EndProject
Project("{159641D6-6404-4A2A-AE62-294DE0FE8301}") = "SSIS Design Patterns", "..\demos\SSIS Design Patterns\SSIS Design Patterns.dtproj", "{3A7CF5B5-CBDC-4ADE-99A0-726D1E3CFFC6}"
EndProject
Project("{00D1A9C2-B5F0-4AF3-8072-F6C62B433612}") = "SSIS Design Patterns Database", "..\demos\SSIS Design Patterns Database\SSIS Design Patterns Database.sqlproj", "{CBDB72C7-9EB3-4FEB-B87E-F6AF99120B63}"
EndProject
Project("{159641D6-6404-4A2A-AE62-294DE0FE8301}") = "ssis-basic-control-flow", "..\ssis-basic-control-flow\begin\ssis-basic-control-flow\ssis-basic-control-flow.dtproj", "{A835F492-8C7B-48DC-9A7A-14585C6F4B09}"
EndProject
Project("{159641D6-6404-4A2A-AE62-294DE0FE8301}") = "ssis-basic-control-flow-tasks", "..\ssis-basic-control-flow-tasks\end\ssis-basic-control-flow-tasks\ssis-basic-control-flow-tasks\ssis-basic-control-flow-tasks.dtproj", "{68235680-4B64-4CAF-ACF8-6EB0FABE691E}"
EndProject
Global
	GlobalSection(SolutionConfigurationPlatforms) = preSolution
		Debug|Any CPU = Debug|Any CPU
		Development|Any CPU = Development|Any CPU
		Release|Any CPU = Release|Any CPU
	EndGlobalSection
	GlobalSection(ProjectConfigurationPlatforms) = postSolution
		{635C711A-2CBD-4BD3-BC3E-246A4AF75237}.Debug|Any CPU.ActiveCfg = Development
		{635C711A-2CBD-4BD3-BC3E-246A4AF75237}.Debug|Any CPU.Build.0 = Development
		{635C711A-2CBD-4BD3-BC3E-246A4AF75237}.Development|Any CPU.ActiveCfg = Development
		{635C711A-2CBD-4BD3-BC3E-246A4AF75237}.Development|Any CPU.Build.0 = Development
		{635C711A-2CBD-4BD3-BC3E-246A4AF75237}.Release|Any CPU.ActiveCfg = Development
		{635C711A-2CBD-4BD3-BC3E-246A4AF75237}.Release|Any CPU.Build.0 = Development
		{3A7CF5B5-CBDC-4ADE-99A0-726D1E3CFFC6}.Debug|Any CPU.ActiveCfg = Development
		{3A7CF5B5-CBDC-4ADE-99A0-726D1E3CFFC6}.Debug|Any CPU.Build.0 = Development
		{3A7CF5B5-CBDC-4ADE-99A0-726D1E3CFFC6}.Development|Any CPU.ActiveCfg = Development
		{3A7CF5B5-CBDC-4ADE-99A0-726D1E3CFFC6}.Development|Any CPU.Build.0 = Development
		{3A7CF5B5-CBDC-4ADE-99A0-726D1E3CFFC6}.Release|Any CPU.ActiveCfg = Development
		{3A7CF5B5-CBDC-4ADE-99A0-726D1E3CFFC6}.Release|Any CPU.Build.0 = Development
		{CBDB72C7-9EB3-4FEB-B87E-F6AF99120B63}.Debug|Any CPU.ActiveCfg = Debug|Any CPU
		{CBDB72C7-9EB3-4FEB-B87E-F6AF99120B63}.Debug|Any CPU.Build.0 = Debug|Any CPU
		{CBDB72C7-9EB3-4FEB-B87E-F6AF99120B63}.Debug|Any CPU.Deploy.0 = Debug|Any CPU
		{CBDB72C7-9EB3-4FEB-B87E-F6AF99120B63}.Development|Any CPU.ActiveCfg = Debug|Any CPU
		{CBDB72C7-9EB3-4FEB-B87E-F6AF99120B63}.Development|Any CPU.Build.0 = Debug|Any CPU
		{CBDB72C7-9EB3-4FEB-B87E-F6AF99120B63}.Development|Any CPU.Deploy.0 = Debug|Any CPU
		{CBDB72C7-9EB3-4FEB-B87E-F6AF99120B63}.Release|Any CPU.ActiveCfg = Release|Any CPU
		{CBDB72C7-9EB3-4FEB-B87E-F6AF99120B63}.Release|Any CPU.Build.0 = Release|Any CPU
		{CBDB72C7-9EB3-4FEB-B87E-F6AF99120B63}.Release|Any CPU.Deploy.0 = Release|Any CPU
		{A835F492-8C7B-48DC-9A7A-14585C6F4B09}.Debug|Any CPU.ActiveCfg = Development
		{A835F492-8C7B-48DC-9A7A-14585C6F4B09}.Debug|Any CPU.Build.0 = Development
		{A835F492-8C7B-48DC-9A7A-14585C6F4B09}.Development|Any CPU.ActiveCfg = Development
		{A835F492-8C7B-48DC-9A7A-14585C6F4B09}.Development|Any CPU.Build.0 = Development
		{A835F492-8C7B-48DC-9A7A-14585C6F4B09}.Release|Any CPU.ActiveCfg = Development
		{A835F492-8C7B-48DC-9A7A-14585C6F4B09}.Release|Any CPU.Build.0 = Development
		{68235680-4B64-4CAF-ACF8-6EB0FABE691E}.Debug|Any CPU.ActiveCfg = Development
		{68235680-4B64-4CAF-ACF8-6EB0FABE691E}.Debug|Any CPU.Build.0 = Development
		{68235680-4B64-4CAF-ACF8-6EB0FABE691E}.Development|Any CPU.ActiveCfg = Development
		{68235680-4B64-4CAF-ACF8-6EB0FABE691E}.Development|Any CPU.Build.0 = Development
		{68235680-4B64-4CAF-ACF8-6EB0FABE691E}.Release|Any CPU.ActiveCfg = Development
		{68235680-4B64-4CAF-ACF8-6EB0FABE691E}.Release|Any CPU.Build.0 = Development
	EndGlobalSection
	GlobalSection(SolutionProperties) = preSolution
		HideSolutionNode = FALSE
	EndGlobalSection
	GlobalSection(ExtensibilityGlobals) = postSolution
		SolutionGuid = {C40CF5B1-3EAE-4E7B-932F-183FA66596AA}
	EndGlobalSection
EndGlobal
