
Microsoft Visual Studio Solution File, Format Version 10.00
# Visual Studio 2008
Project("{D183A3D8-5FD8-494B-B014-37F57B35E655}") = "ssis-basic-expressions", "ssis-basic-expressions\ssis-basic-expressions.dtproj", "{93F80A35-0F49-4237-9202-FB9C672BDB60}"
EndProject
Global
	GlobalSection(SolutionConfigurationPlatforms) = preSolution
		Development|Default = Development|Default
	EndGlobalSection
	GlobalSection(ProjectConfigurationPlatforms) = postSolution
		{93F80A35-0F49-4237-9202-FB9C672BDB60}.Development|Default.ActiveCfg = Development
		{93F80A35-0F49-4237-9202-FB9C672BDB60}.Development|Default.Build.0 = Development
	EndGlobalSection
	GlobalSection(SolutionProperties) = preSolution
		HideSolutionNode = FALSE
	EndGlobalSection
EndGlobal
