
Microsoft Visual Studio Solution File, Format Version 12.00
# Visual Studio 2012
Project("{159641D6-6404-4A2A-AE62-294DE0FE8301}") = "ssis-adv-2-m3", "ssis-adv-2-m3\ssis-adv-2-m3.dtproj", "{73E4AA53-31E7-41DA-BA10-7C14B1DA4C94}"
EndProject
Global
	GlobalSection(SolutionConfigurationPlatforms) = preSolution
		Development|Default = Development|Default
	EndGlobalSection
	GlobalSection(ProjectConfigurationPlatforms) = postSolution
		{73E4AA53-31E7-41DA-BA10-7C14B1DA4C94}.Development|Default.ActiveCfg = Development
		{73E4AA53-31E7-41DA-BA10-7C14B1DA4C94}.Development|Default.Build.0 = Development
	EndGlobalSection
	GlobalSection(SolutionProperties) = preSolution
		HideSolutionNode = FALSE
	EndGlobalSection
EndGlobal
