
Microsoft Visual Studio Solution File, Format Version 12.00
# Visual Studio 2012
Project("{159641D6-6404-4A2A-AE62-294DE0FE8301}") = "ssis-adv-2-m2-03-vm", "ssis-adv-2-m2-03-vm\ssis-adv-2-m2-03-vm.dtproj", "{D75BC563-FE1E-40D6-9FA6-FE4D94EF30E1}"
EndProject
Global
	GlobalSection(SolutionConfigurationPlatforms) = preSolution
		Development|Default = Development|Default
	EndGlobalSection
	GlobalSection(ProjectConfigurationPlatforms) = postSolution
		{D75BC563-FE1E-40D6-9FA6-FE4D94EF30E1}.Development|Default.ActiveCfg = Development
		{D75BC563-FE1E-40D6-9FA6-FE4D94EF30E1}.Development|Default.Build.0 = Development
	EndGlobalSection
	GlobalSection(SolutionProperties) = preSolution
		HideSolutionNode = FALSE
	EndGlobalSection
EndGlobal
