
Microsoft Visual Studio Solution File, Format Version 10.00
# Visual Studio 2008
Project("{D183A3D8-5FD8-494B-B014-37F57B35E655}") = "ssis-basic-debug", "ssis-basic-debug\ssis-basic-debug.dtproj", "{EEEB2D12-D073-46D4-B6FB-EA036B38AF66}"
EndProject
Global
	GlobalSection(SolutionConfigurationPlatforms) = preSolution
		Development|Default = Development|Default
	EndGlobalSection
	GlobalSection(ProjectConfigurationPlatforms) = postSolution
		{EEEB2D12-D073-46D4-B6FB-EA036B38AF66}.Development|Default.ActiveCfg = Development
		{EEEB2D12-D073-46D4-B6FB-EA036B38AF66}.Development|Default.Build.0 = Development
	EndGlobalSection
	GlobalSection(SolutionProperties) = preSolution
		HideSolutionNode = FALSE
	EndGlobalSection
EndGlobal
