
Microsoft Visual Studio Solution File, Format Version 12.00
# Visual Studio 2012
Project("{159641D6-6404-4A2A-AE62-294DE0FE8301}") = "ssis-adv-2-m5", "ssis-adv-2-m5\ssis-adv-2-m5.dtproj", "{006BEB0D-789F-4CF1-8591-0EE1B7D31EAB}"
EndProject
Global
	GlobalSection(SolutionConfigurationPlatforms) = preSolution
		Development|Default = Development|Default
	EndGlobalSection
	GlobalSection(ProjectConfigurationPlatforms) = postSolution
		{006BEB0D-789F-4CF1-8591-0EE1B7D31EAB}.Development|Default.ActiveCfg = Development
		{006BEB0D-789F-4CF1-8591-0EE1B7D31EAB}.Development|Default.Build.0 = Development
	EndGlobalSection
	GlobalSection(SolutionProperties) = preSolution
		HideSolutionNode = FALSE
	EndGlobalSection
EndGlobal
